
Microsoft Visual Studio Solution File, Format Version 12.00
# Visual Studio Version 17
VisualStudioVersion = 17.8.34330.188
MinimumVisualStudioVersion = 10.0.40219.1
Project("{9A19103F-16F7-4668-BE54-9A1E7A4F7556}") = "BLL", "BLL\BLL.csproj", "{F64FA51C-D346-43D8-8A52-6AA25327D2E2}"
EndProject
Project("{9A19103F-16F7-4668-BE54-9A1E7A4F7556}") = "DAL", "DAL\DAL.csproj", "{A4EB9F96-4085-45ED-9FE1-E7C71529C5D1}"
EndProject
Project("{9A19103F-16F7-4668-BE54-9A1E7A4F7556}") = "ReelioUnitTests", "ReelioUnitTests\ReelioUnitTests.csproj", "{2028D6E1-90DF-4651-AAE6-636EEF5ECFF0}"
EndProject
Project("{9A19103F-16F7-4668-BE54-9A1E7A4F7556}") = "API", "API\API.csproj", "{16B3854C-10C0-4472-B34B-1DBB3D67C2C9}"
EndProject
Project("{9A19103F-16F7-4668-BE54-9A1E7A4F7556}") = "DAL.API", "DAL.API\DAL.API.csproj", "{A14C16A4-9DB8-4400-8A95-5FB821E557AD}"
EndProject
Project("{FAE04EC0-301F-11D3-BF4B-00C04F79EFBC}") = "Common", "Common\Common.csproj", "{AF527B99-6FA6-46FC-9284-502A2335C7D3}"
EndProject
Global
	GlobalSection(SolutionConfigurationPlatforms) = preSolution
		Debug|Any CPU = Debug|Any CPU
		Release|Any CPU = Release|Any CPU
	EndGlobalSection
	GlobalSection(ProjectConfigurationPlatforms) = postSolution
		{F64FA51C-D346-43D8-8A52-6AA25327D2E2}.Debug|Any CPU.ActiveCfg = Debug|Any CPU
		{F64FA51C-D346-43D8-8A52-6AA25327D2E2}.Debug|Any CPU.Build.0 = Debug|Any CPU
		{F64FA51C-D346-43D8-8A52-6AA25327D2E2}.Release|Any CPU.ActiveCfg = Release|Any CPU
		{F64FA51C-D346-43D8-8A52-6AA25327D2E2}.Release|Any CPU.Build.0 = Release|Any CPU
		{A4EB9F96-4085-45ED-9FE1-E7C71529C5D1}.Debug|Any CPU.ActiveCfg = Debug|Any CPU
		{A4EB9F96-4085-45ED-9FE1-E7C71529C5D1}.Debug|Any CPU.Build.0 = Debug|Any CPU
		{A4EB9F96-4085-45ED-9FE1-E7C71529C5D1}.Release|Any CPU.ActiveCfg = Release|Any CPU
		{A4EB9F96-4085-45ED-9FE1-E7C71529C5D1}.Release|Any CPU.Build.0 = Release|Any CPU
		{2028D6E1-90DF-4651-AAE6-636EEF5ECFF0}.Debug|Any CPU.ActiveCfg = Debug|Any CPU
		{2028D6E1-90DF-4651-AAE6-636EEF5ECFF0}.Debug|Any CPU.Build.0 = Debug|Any CPU
		{2028D6E1-90DF-4651-AAE6-636EEF5ECFF0}.Release|Any CPU.ActiveCfg = Release|Any CPU
		{2028D6E1-90DF-4651-AAE6-636EEF5ECFF0}.Release|Any CPU.Build.0 = Release|Any CPU
		{16B3854C-10C0-4472-B34B-1DBB3D67C2C9}.Debug|Any CPU.ActiveCfg = Debug|Any CPU
		{16B3854C-10C0-4472-B34B-1DBB3D67C2C9}.Debug|Any CPU.Build.0 = Debug|Any CPU
		{16B3854C-10C0-4472-B34B-1DBB3D67C2C9}.Release|Any CPU.ActiveCfg = Release|Any CPU
		{16B3854C-10C0-4472-B34B-1DBB3D67C2C9}.Release|Any CPU.Build.0 = Release|Any CPU
		{A14C16A4-9DB8-4400-8A95-5FB821E557AD}.Debug|Any CPU.ActiveCfg = Debug|Any CPU
		{A14C16A4-9DB8-4400-8A95-5FB821E557AD}.Debug|Any CPU.Build.0 = Debug|Any CPU
		{A14C16A4-9DB8-4400-8A95-5FB821E557AD}.Release|Any CPU.ActiveCfg = Release|Any CPU
		{A14C16A4-9DB8-4400-8A95-5FB821E557AD}.Release|Any CPU.Build.0 = Release|Any CPU
		{AF527B99-6FA6-46FC-9284-502A2335C7D3}.Debug|Any CPU.ActiveCfg = Debug|Any CPU
		{AF527B99-6FA6-46FC-9284-502A2335C7D3}.Debug|Any CPU.Build.0 = Debug|Any CPU
		{AF527B99-6FA6-46FC-9284-502A2335C7D3}.Release|Any CPU.ActiveCfg = Release|Any CPU
		{AF527B99-6FA6-46FC-9284-502A2335C7D3}.Release|Any CPU.Build.0 = Release|Any CPU
	EndGlobalSection
	GlobalSection(SolutionProperties) = preSolution
		HideSolutionNode = FALSE
	EndGlobalSection
	GlobalSection(ExtensibilityGlobals) = postSolution
		SolutionGuid = {27A10BC9-945F-4222-8993-3B549C0A21A0}
	EndGlobalSection
EndGlobal
